{
  "name": "backend",
  "version": "1.0.0",
  "lockfileVersion": 1,
  "requires": true,
  "dependencies": {
    "just-rest": {
      "version": "0.0.18-alpha",
      "resolved": "https://registry.npmjs.org/just-rest/-/just-rest-0.0.18-alpha.tgz",
      "integrity": "sha512-yQkazD23CizFbNyRFwMJjfegGHbDEFirZuCcsr9kXDqV+ZG25xNJVBzjtoeqqxsSwnfZI+MY3LjAEgKUb9d/rw=="
    }
  }
}
